// !$*UTF8*$!
{
	archiveVersion = 1;
	classes = {
	};
	objectVersion = 46;
	objects = {

/* Begin PBXBuildFile section */
		1502523E1C66F12A009E2659 /* AppDelegate.swift in Sources */ = {isa = PBXBuildFile; fileRef = 1502523D1C66F12A009E2659 /* AppDelegate.swift */; };
		150252401C66F12A009E2659 /* ViewController.swift in Sources */ = {isa = PBXBuildFile; fileRef = 1502523F1C66F12A009E2659 /* ViewController.swift */; };
		150252431C66F12A009E2659 /* Main.storyboard in Resources */ = {isa = PBXBuildFile; fileRef = 150252411C66F12A009E2659 /* Main.storyboard */; };
		150252451C66F12A009E2659 /* Images.xcassets in Resources */ = {isa = PBXBuildFile; fileRef = 150252441C66F12A009E2659 /* Images.xcassets */; };
		150252481C66F12A009E2659 /* LaunchScreen.xib in Resources */ = {isa = PBXBuildFile; fileRef = 150252461C66F12A009E2659 /* LaunchScreen.xib */; };
		150252541C66F12A009E2659 /* Memoria_Juego_CourseraTests.swift in Sources */ = {isa = PBXBuildFile; fileRef = 150252531C66F12A009E2659 /* Memoria_Juego_CourseraTests.swift */; };
/* End PBXBuildFile section */

/* Begin PBXContainerItemProxy section */
		1502524E1C66F12A009E2659 /* PBXContainerItemProxy */ = {
			isa = PBXContainerItemProxy;
			containerPortal = 150252301C66F12A009E2659 /* Project object */;
			proxyType = 1;
			remoteGlobalIDString = 150252371C66F12A009E2659;
			remoteInfo = "Memoria Juego Coursera";
		};
/* End PBXContainerItemProxy section */

/* Begin PBXFileReference section */
		150252381C66F12A009E2659 /* Memoria Juego Coursera.app */ = {isa = PBXFileReference; explicitFileType = wrapper.application; includeInIndex = 0; path = "Memoria Juego Coursera.app"; sourceTree = BUILT_PRODUCTS_DIR; };
		1502523C1C66F12A009E2659 /* Info.plist */ = {isa = PBXFileReference; lastKnownFileType = text.plist.xml; path = Info.plist; sourceTree = "<group>"; };
		1502523D1C66F12A009E2659 /* AppDelegate.swift */ = {isa = PBXFileReference; lastKnownFileType = sourcecode.swift; path = AppDelegate.swift; sourceTree = "<group>"; };
		1502523F1C66F12A009E2659 /* ViewController.swift */ = {isa = PBXFileReference; lastKnownFileType = sourcecode.swift; path = ViewController.swift; sourceTree = "<group>"; };
		150252421C66F12A009E2659 /* Base */ = {isa = PBXFileReference; lastKnownFileType = file.storyboard; name = Base; path = Base.lproj/Main.storyboard; sourceTree = "<group>"; };
		150252441C66F12A009E2659 /* Images.xcassets */ = {isa = PBXFileReference; lastKnownFileType = folder.assetcatalog; path = Images.xcassets; sourceTree = "<group>"; };
		150252471C66F12A009E2659 /* Base */ = {isa = PBXFileReference; lastKnownFileType = file.xib; name = Base; path = Base.lproj/LaunchScreen.xib; sourceTree = "<group>"; };
		1502524D1C66F12A009E2659 /* Memoria Juego CourseraTests.xctest */ = {isa = PBXFileReference; explicitFileType = wrapper.cfbundle; includeInIndex = 0; path = "Memoria Juego CourseraTests.xctest"; sourceTree = BUILT_PRODUCTS_DIR; };
		150252521C66F12A009E2659 /* Info.plist */ = {isa = PBXFileReference; lastKnownFileType = text.plist.xml; path = Info.plist; sourceTree = "<group>"; };
		150252531C66F12A009E2659 /* Memoria_Juego_CourseraTests.swift */ = {isa = PBXFileReference; lastKnownFileType = sourcecode.swift; path = Memoria_Juego_CourseraTests.swift; sourceTree = "<group>"; };
/* End PBXFileReference section */

/* Begin PBXFrameworksBuildPhase section */
		150252351C66F12A009E2659 /* Frameworks */ = {
			isa = PBXFrameworksBuildPhase;
			buildActionMask = 2147483647;
			files = (
			);
			runOnlyForDeploymentPostprocessing = 0;
		};
		1502524A1C66F12A009E2659 /* Frameworks */ = {
			isa = PBXFrameworksBuildPhase;
			buildActionMask = 2147483647;
			files = (
			);
			runOnlyForDeploymentPostprocessing = 0;
		};
/* End PBXFrameworksBuildPhase section */

/* Begin PBXGroup section */
		1502522F1C66F12A009E2659 = {
			isa = PBXGroup;
			children = (
				1502523A1C66F12A009E2659 /* Memoria Juego Coursera */,
				150252501C66F12A009E2659 /* Memoria Juego CourseraTests */,
				150252391C66F12A009E2659 /* Products */,
			);
			sourceTree = "<group>";
		};
		150252391C66F12A009E2659 /* Products */ = {
			isa = PBXGroup;
			children = (
				150252381C66F12A009E2659 /* Memoria Juego Coursera.app */,
				1502524D1C66F12A009E2659 /* Memoria Juego CourseraTests.xctest */,
			);
			name = Products;
			sourceTree = "<group>";
		};
		1502523A1C66F12A009E2659 /* Memoria Juego Coursera */ = {
			isa = PBXGroup;
			children = (
				1502523D1C66F12A009E2659 /* AppDelegate.swift */,
				1502523F1C66F12A009E2659 /* ViewController.swift */,
				150252411C66F12A009E2659 /* Main.storyboard */,
				150252441C66F12A009E2659 /* Images.xcassets */,
				150252461C66F12A009E2659 /* LaunchScreen.xib */,
				1502523B1C66F12A009E2659 /* Supporting Files */,
			);
			path = "Memoria Juego Coursera";
			sourceTree = "<group>";
		};
		1502523B1C66F12A009E2659 /* Supporting Files */ = {
			isa = PBXGroup;
			children = (
				1502523C1C66F12A009E2659 /* Info.plist */,
			);
			name = "Supporting Files";
			sourceTree = "<group>";
		};
		150252501C66F12A009E2659 /* Memoria Juego CourseraTests */ = {
			isa = PBXGroup;
			children = (
				150252531C66F12A009E2659 /* Memoria_Juego_CourseraTests.swift */,
				150252511C66F12A009E2659 /* Supporting Files */,
			);
			path = "Memoria Juego CourseraTests";
			sourceTree = "<group>";
		};
		150252511C66F12A009E2659 /* Supporting Files */ = {
			isa = PBXGroup;
			children = (
				150252521C66F12A009E2659 /* Info.plist */,
			);
			name = "Supporting Files";
			sourceTree = "<group>";
		};
/* End PBXGroup section */

/* Begin PBXNativeTarget section */
		150252371C66F12A009E2659 /* Memoria Juego Coursera */ = {
			isa = PBXNativeTarget;
			buildConfigurationList = 150252571C66F12A009E2659 /* Build configuration list for PBXNativeTarget "Memoria Juego Coursera" */;
			buildPhases = (
				150252341C66F12A009E2659 /* Sources */,
				150252351C66F12A009E2659 /* Frameworks */,
				150252361C66F12A009E2659 /* Resources */,
			);
			buildRules = (
			);
			dependencies = (
			);
			name = "Memoria Juego Coursera";
			productName = "Memoria Juego Coursera";
			productReference = 150252381C66F12A009E2659 /* Memoria Juego Coursera.app */;
			productType = "com.apple.product-type.application";
		};
		1502524C1C66F12A009E2659 /* Memoria Juego CourseraTests */ = {
			isa = PBXNativeTarget;
			buildConfigurationList = 1502525A1C66F12A009E2659 /* Build configuration list for PBXNativeTarget "Memoria Juego CourseraTests" */;
			buildPhases = (
				150252491C66F12A009E2659 /* Sources */,
				1502524A1C66F12A009E2659 /* Frameworks */,
				1502524B1C66F12A009E2659 /* Resources */,
			);
			buildRules = (
			);
			dependencies = (
				1502524F1C66F12A009E2659 /* PBXTargetDependency */,
			);
			name = "Memoria Juego CourseraTests";
			productName = "Memoria Juego CourseraTests";
			productReference = 1502524D1C66F12A009E2659 /* Memoria Juego CourseraTests.xctest */;
			productType = "com.apple.product-type.bundle.unit-test";
		};
/* End PBXNativeTarget section */

/* Begin PBXProject section */
		150252301C66F12A009E2659 /* Project object */ = {
			isa = PBXProject;
			attributes = {
				LastUpgradeCheck = 0640;
				ORGANIZATIONNAME = ZaraEr;
				TargetAttributes = {
					150252371C66F12A009E2659 = {
						CreatedOnToolsVersion = 6.4;
					};
					1502524C1C66F12A009E2659 = {
						CreatedOnToolsVersion = 6.4;
						TestTargetID = 150252371C66F12A009E2659;
					};
				};
			};
			buildConfigurationList = 150252331C66F12A009E2659 /* Build configuration list for PBXProject "Memoria Juego Coursera" */;
			compatibilityVersion = "Xcode 3.2";
			developmentRegion = English;
			hasScannedForEncodings = 0;
			knownRegions = (
				en,
				Base,
			);
			mainGroup = 1502522F1C66F12A009E2659;
			productRefGroup = 150252391C66F12A009E2659 /* Products */;
			projectDirPath = "";
			projectRoot = "";
			targets = (
				150252371C66F12A009E2659 /* Memoria Juego Coursera */,
				1502524C1C66F12A009E2659 /* Memoria Juego CourseraTests */,
			);
		};
/* End PBXProject section */

/* Begin PBXResourcesBuildPhase section */
		150252361C66F12A009E2659 /* Resources */ = {
			isa = PBXResourcesBuildPhase;
			buildActionMask = 2147483647;
			files = (
				150252431C66F12A009E2659 /* Main.storyboard in Resources */,
				150252481C66F12A009E2659 /* LaunchScreen.xib in Resources */,
				150252451C66F12A009E2659 /* Images.xcassets in Resources */,
			);
			runOnlyForDeploymentPostprocessing = 0;
		};
		1502524B1C66F12A009E2659 /* Resources */ = {
			isa = PBXResourcesBuildPhase;
			buildActionMask = 2147483647;
			files = (
			);
			runOnlyForDeploymentPostprocessing = 0;
		};
/* End PBXResourcesBuildPhase section */

/* Begin PBXSourcesBuildPhase section */
		150252341C66F12A009E2659 /* Sources */ = {
			isa = PBXSourcesBuildPhase;
			buildActionMask = 2147483647;
			files = (
				150252401C66F12A009E2659 /* ViewController.swift in Sources */,
				1502523E1C66F12A009E2659 /* AppDelegate.swift in Sources */,
			);
			runOnlyForDeploymentPostprocessing = 0;
		};
		150252491C66F12A009E2659 /* Sources */ = {
			isa = PBXSourcesBuildPhase;
			buildActionMask = 2147483647;
			files = (
				150252541C66F12A009E2659 /* Memoria_Juego_CourseraTests.swift in Sources */,
			);
			runOnlyForDeploymentPostprocessing = 0;
		};
/* End PBXSourcesBuildPhase section */

/* Begin PBXTargetDependency section */
		1502524F1C66F12A009E2659 /* PBXTargetDependency */ = {
			isa = PBXTargetDependency;
			target = 150252371C66F12A009E2659 /* Memoria Juego Coursera */;
			targetProxy = 1502524E1C66F12A009E2659 /* PBXContainerItemProxy */;
		};
/* End PBXTargetDependency section */

/* Begin PBXVariantGroup section */
		150252411C66F12A009E2659 /* Main.storyboard */ = {
			isa = PBXVariantGroup;
			children = (
				150252421C66F12A009E2659 /* Base */,
			);
			name = Main.storyboard;
			sourceTree = "<group>";
		};
		150252461C66F12A009E2659 /* LaunchScreen.xib */ = {
			isa = PBXVariantGroup;
			children = (
				150252471C66F12A009E2659 /* Base */,
			);
			name = LaunchScreen.xib;
			sourceTree = "<group>";
		};
/* End PBXVariantGroup section */

/* Begin XCBuildConfiguration section */
		150252551C66F12A009E2659 /* Debug */ = {
			isa = XCBuildConfiguration;
			buildSettings = {
				ALWAYS_SEARCH_USER_PATHS = NO;
				CLANG_CXX_LANGUAGE_STANDARD = "gnu++0x";
				CLANG_CXX_LIBRARY = "libc++";
				CLANG_ENABLE_MODULES = YES;
				CLANG_ENABLE_OBJC_ARC = YES;
				CLANG_WARN_BOOL_CONVERSION = YES;
				CLANG_WARN_CONSTANT_CONVERSION = YES;
				CLANG_WARN_DIRECT_OBJC_ISA_USAGE = YES_ERROR;
				CLANG_WARN_EMPTY_BODY = YES;
				CLANG_WARN_ENUM_CONVERSION = YES;
				CLANG_WARN_INT_CONVERSION = YES;
				CLANG_WARN_OBJC_ROOT_CLASS = YES_ERROR;
				CLANG_WARN_UNREACHABLE_CODE = YES;
				CLANG_WARN__DUPLICATE_METHOD_MATCH = YES;
				"CODE_SIGN_IDENTITY[sdk=iphoneos*]" = "iPhone Developer";
				COPY_PHASE_STRIP = NO;
				DEBUG_INFORMATION_FORMAT = "dwarf-with-dsym";
				ENABLE_STRICT_OBJC_MSGSEND = YES;
				GCC_C_LANGUAGE_STANDARD = gnu99;
				GCC_DYNAMIC_NO_PIC = NO;
				GCC_NO_COMMON_BLOCKS = YES;
				GCC_OPTIMIZATION_LEVEL = 0;
				GCC_PREPROCESSOR_DEFINITIONS = (
					"DEBUG=1",
					"$(inherited)",
				);
				GCC_SYMBOLS_PRIVATE_EXTERN = NO;
				GCC_WARN_64_TO_32_BIT_CONVERSION = YES;
				GCC_WARN_ABOUT_RETURN_TYPE = YES_ERROR;
				GCC_WARN_UNDECLARED_SELECTOR = YES;
				GCC_WARN_UNINITIALIZED_AUTOS = YES_AGGRESSIVE;
				GCC_WARN_UNUSED_FUNCTION = YES;
				GCC_WARN_UNUSED_VARIABLE = YES;
				IPHONEOS_DEPLOYMENT_TARGET = 8.4;
				MTL_ENABLE_DEBUG_INFO = YES;
				ONLY_ACTIVE_ARCH = YES;
				SDKROOT = iphoneos;
				SWIFT_OPTIMIZATION_LEVEL = "-Onone";
				TARGETED_DEVICE_FAMILY = "1,2";
			};
			name = Debug;
		};
		150252561C66F12A009E2659 /* Release */ = {
			isa = XCBuildConfiguration;
			buildSettings = {
				ALWAYS_SEARCH_USER_PATHS = NO;
				CLANG_CXX_LANGUAGE_STANDARD = "gnu++0x";
				CLANG_CXX_LIBRARY = "libc++";
				CLANG_ENABLE_MODULES = YES;
				CLANG_ENABLE_OBJC_ARC = YES;
				CLANG_WARN_BOOL_CONVERSION = YES;
				CLANG_WARN_CONSTANT_CONVERSION = YES;
				CLANG_WARN_DIRECT_OBJC_ISA_USAGE = YES_ERROR;
				CLANG_WARN_EMPTY_BODY = YES;
				CLANG_WARN_ENUM_CONVERSION = YES;
				CLANG_WARN_INT_CONVERSION = YES;
				CLANG_WARN_OBJC_ROOT_CLASS = YES_ERROR;
				CLANG_WARN_UNREACHABLE_CODE = YES;
				CLANG_WARN__DUPLICATE_METHOD_MATCH = YES;
				"CODE_SIGN_IDENTITY[sdk=iphoneos*]" = "iPhone Developer";
				COPY_PHASE_STRIP = NO;
				DEBUG_INFORMATION_FORMAT = "dwarf-with-dsym";
				ENABLE_NS_ASSERTIONS = NO;
				ENABLE_STRICT_OBJC_MSGSEND = YES;
				GCC_C_LANGUAGE_STANDARD = gnu99;
				GCC_NO_COMMON_BLOCKS = YES;
				GCC_WARN_64_TO_32_BIT_CONVERSION = YES;
				GCC_WARN_ABOUT_RETURN_TYPE = YES_ERROR;
				GCC_WARN_UNDECLARED_SELECTOR = YES;
				GCC_WARN_UNINITIALIZED_AUTOS = YES_AGGRESSIVE;
				GCC_WARN_UNUSED_FUNCTION = YES;
				GCC_WARN_UNUSED_VARIABLE = YES;
				IPHONEOS_DEPLOYMENT_TARGET = 8.4;
				MTL_ENABLE_DEBUG_INFO = NO;
				SDKROOT = iphoneos;
				TARGETED_DEVICE_FAMILY = "1,2";
				VALIDATE_PRODUCT = YES;
			};
			name = Release;
		};
		150252581C66F12A009E2659 /* Debug */ = {
			isa = XCBuildConfiguration;
			buildSettings = {
				ASSETCATALOG_COMPILER_APPICON_NAME = AppIcon;
				INFOPLIST_FILE = "Memoria Juego Coursera/Info.plist";
				LD_RUNPATH_SEARCH_PATHS = "$(inherited) @executable_path/Frameworks";
				PRODUCT_NAME = "$(TARGET_NAME)";
			};
			name = Debug;
		};
		150252591C66F12A009E2659 /* Release */ = {
			isa = XCBuildConfiguration;
			buildSettings = {
				ASSETCATALOG_COMPILER_APPICON_NAME = AppIcon;
				INFOPLIST_FILE = "Memoria Juego Coursera/Info.plist";
				LD_RUNPATH_SEARCH_PATHS = "$(inherited) @executable_path/Frameworks";
				PRODUCT_NAME = "$(TARGET_NAME)";
			};
			name = Release;
		};
		1502525B1C66F12A009E2659 /* Debug */ = {
			isa = XCBuildConfiguration;
			buildSettings = {
				BUNDLE_LOADER = "$(TEST_HOST)";
				FRAMEWORK_SEARCH_PATHS = (
					"$(SDKROOT)/Developer/Library/Frameworks",
					"$(inherited)",
				);
				GCC_PREPROCESSOR_DEFINITIONS = (
					"DEBUG=1",
					"$(inherited)",
				);
				INFOPLIST_FILE = "Memoria Juego CourseraTests/Info.plist";
				LD_RUNPATH_SEARCH_PATHS = "$(inherited) @executable_path/Frameworks @loader_path/Frameworks";
				PRODUCT_NAME = "$(TARGET_NAME)";
				TEST_HOST = "$(BUILT_PRODUCTS_DIR)/Memoria Juego Coursera.app/Memoria Juego Coursera";
			};
			name = Debug;
		};
		1502525C1C66F12A009E2659 /* Release */ = {
			isa = XCBuildConfiguration;
			buildSettings = {
				BUNDLE_LOADER = "$(TEST_HOST)";
				FRAMEWORK_SEARCH_PATHS = (
					"$(SDKROOT)/Developer/Library/Frameworks",
					"$(inherited)",
				);
				INFOPLIST_FILE = "Memoria Juego CourseraTests/Info.plist";
				LD_RUNPATH_SEARCH_PATHS = "$(inherited) @executable_path/Frameworks @loader_path/Frameworks";
				PRODUCT_NAME = "$(TARGET_NAME)";
				TEST_HOST = "$(BUILT_PRODUCTS_DIR)/Memoria Juego Coursera.app/Memoria Juego Coursera";
			};
			name = Release;
		};
/* End XCBuildConfiguration section */

/* Begin XCConfigurationList section */
		150252331C66F12A009E2659 /* Build configuration list for PBXProject "Memoria Juego Coursera" */ = {
			isa = XCConfigurationList;
			buildConfigurations = (
				150252551C66F12A009E2659 /* Debug */,
				150252561C66F12A009E2659 /* Release */,
			);
			defaultConfigurationIsVisible = 0;
			defaultConfigurationName = Release;
		};
		150252571C66F12A009E2659 /* Build configuration list for PBXNativeTarget "Memoria Juego Coursera" */ = {
			isa = XCConfigurationList;
			buildConfigurations = (
				150252581C66F12A009E2659 /* Debug */,
				150252591C66F12A009E2659 /* Release */,
			);
			defaultConfigurationIsVisible = 0;
		};
		1502525A1C66F12A009E2659 /* Build configuration list for PBXNativeTarget "Memoria Juego CourseraTests" */ = {
			isa = XCConfigurationList;
			buildConfigurations = (
				1502525B1C66F12A009E2659 /* Debug */,
				1502525C1C66F12A009E2659 /* Release */,
			);
			defaultConfigurationIsVisible = 0;
		};
/* End XCConfigurationList section */
	};
	rootObject = 150252301C66F12A009E2659 /* Project object */;
}
